
Microsoft Visual Studio Solution File, Format Version 12.00
# Visual Studio Version 17
VisualStudioVersion = 17.8.34902.127
MinimumVisualStudioVersion = 10.0.40219.1
Project("{FAE04EC0-301F-11D3-BF4B-00C04F79EFBC}") = "TokenAssignor", "TokenAssignor\TokenAssignor.csproj", "{410D25CC-A75E-4B65-8D24-05FA4D8AE0B9}"
EndProject
Global
	GlobalSection(SolutionConfigurationPlatforms) = preSolution
		Debug|Any CPU = Debug|Any CPU
		Release|Any CPU = Release|Any CPU
	EndGlobalSection
	GlobalSection(ProjectConfigurationPlatforms) = postSolution
		{410D25CC-A75E-4B65-8D24-05FA4D8AE0B9}.Debug|Any CPU.ActiveCfg = Debug|Any CPU
		{410D25CC-A75E-4B65-8D24-05FA4D8AE0B9}.Debug|Any CPU.Build.0 = Debug|Any CPU
		{410D25CC-A75E-4B65-8D24-05FA4D8AE0B9}.Release|Any CPU.ActiveCfg = Release|Any CPU
		{410D25CC-A75E-4B65-8D24-05FA4D8AE0B9}.Release|Any CPU.Build.0 = Release|Any CPU
	EndGlobalSection
	GlobalSection(SolutionProperties) = preSolution
		HideSolutionNode = FALSE
	EndGlobalSection
	GlobalSection(ExtensibilityGlobals) = postSolution
		SolutionGuid = {756C8A12-5EC3-4952-B13C-299429C776D6}
	EndGlobalSection
EndGlobal
