
Microsoft Visual Studio Solution File, Format Version 12.00
# Visual Studio Version 16
VisualStudioVersion = 16.0.31829.152
MinimumVisualStudioVersion = 10.0.40219.1
Project("{FAE04EC0-301F-11D3-BF4B-00C04F79EFBC}") = "TrustExec", "TrustExec\TrustExec.csproj", "{8B723CB2-017A-4CB6-B3E6-C26E9F1F8B3C}"
EndProject
Global
	GlobalSection(SolutionConfigurationPlatforms) = preSolution
		Debug|Any CPU = Debug|Any CPU
		Release|Any CPU = Release|Any CPU
	EndGlobalSection
	GlobalSection(ProjectConfigurationPlatforms) = postSolution
		{8B723CB2-017A-4CB6-B3E6-C26E9F1F8B3C}.Debug|Any CPU.ActiveCfg = Debug|Any CPU
		{8B723CB2-017A-4CB6-B3E6-C26E9F1F8B3C}.Debug|Any CPU.Build.0 = Debug|Any CPU
		{8B723CB2-017A-4CB6-B3E6-C26E9F1F8B3C}.Release|Any CPU.ActiveCfg = Release|Any CPU
		{8B723CB2-017A-4CB6-B3E6-C26E9F1F8B3C}.Release|Any CPU.Build.0 = Release|Any CPU
	EndGlobalSection
	GlobalSection(SolutionProperties) = preSolution
		HideSolutionNode = FALSE
	EndGlobalSection
	GlobalSection(ExtensibilityGlobals) = postSolution
		SolutionGuid = {C6E37E42-FF0F-4361-AF6F-CE0289DB4BFD}
	EndGlobalSection
EndGlobal
