
Microsoft Visual Studio Solution File, Format Version 12.00
# Visual Studio Version 17
VisualStudioVersion = 17.8.34902.127
MinimumVisualStudioVersion = 10.0.40219.1
Project("{FAE04EC0-301F-11D3-BF4B-00C04F79EFBC}") = "DesktopShell", "DesktopShell\DesktopShell.csproj", "{6E0D8D5C-7B88-4C77-A347-34F8B0FD2D75}"
EndProject
Project("{FAE04EC0-301F-11D3-BF4B-00C04F79EFBC}") = "BackgroundShell", "BackgroundShell\BackgroundShell.csproj", "{6A3F2F04-3E48-4E21-9AB8-0CA0998A2D01}"
EndProject
Project("{FAE04EC0-301F-11D3-BF4B-00C04F79EFBC}") = "ServiceShell", "ServiceShell\ServiceShell.csproj", "{2B704D89-41B9-4051-A51C-36A82ACEBE10}"
EndProject
Project("{FAE04EC0-301F-11D3-BF4B-00C04F79EFBC}") = "S4ULogonShell", "S4ULogonShell\S4ULogonShell.csproj", "{FAFE5A3C-05BC-4B6F-8BA4-2B95027CBFEA}"
EndProject
Project("{8BC9CEB8-8B4A-11D0-8D11-00A0C91BC942}") = "DesktopShellLib", "DesktopShellLib\DesktopShellLib.vcxproj", "{1EB987E0-23A5-415E-9194-CD961314441B}"
EndProject
Project("{FAE04EC0-301F-11D3-BF4B-00C04F79EFBC}") = "VirtualShell", "VirtualShell\VirtualShell.csproj", "{6302105A-80BB-4987-82EC-95973911238B}"
EndProject
Global
	GlobalSection(SolutionConfigurationPlatforms) = preSolution
		Debug|Any CPU = Debug|Any CPU
		Debug|x64 = Debug|x64
		Debug|x86 = Debug|x86
		Release|Any CPU = Release|Any CPU
		Release|x64 = Release|x64
		Release|x86 = Release|x86
	EndGlobalSection
	GlobalSection(ProjectConfigurationPlatforms) = postSolution
		{6E0D8D5C-7B88-4C77-A347-34F8B0FD2D75}.Debug|Any CPU.ActiveCfg = Debug|Any CPU
		{6E0D8D5C-7B88-4C77-A347-34F8B0FD2D75}.Debug|Any CPU.Build.0 = Debug|Any CPU
		{6E0D8D5C-7B88-4C77-A347-34F8B0FD2D75}.Debug|x64.ActiveCfg = Debug|Any CPU
		{6E0D8D5C-7B88-4C77-A347-34F8B0FD2D75}.Debug|x64.Build.0 = Debug|Any CPU
		{6E0D8D5C-7B88-4C77-A347-34F8B0FD2D75}.Debug|x86.ActiveCfg = Debug|Any CPU
		{6E0D8D5C-7B88-4C77-A347-34F8B0FD2D75}.Debug|x86.Build.0 = Debug|Any CPU
		{6E0D8D5C-7B88-4C77-A347-34F8B0FD2D75}.Release|Any CPU.ActiveCfg = Release|Any CPU
		{6E0D8D5C-7B88-4C77-A347-34F8B0FD2D75}.Release|Any CPU.Build.0 = Release|Any CPU
		{6E0D8D5C-7B88-4C77-A347-34F8B0FD2D75}.Release|x64.ActiveCfg = Release|Any CPU
		{6E0D8D5C-7B88-4C77-A347-34F8B0FD2D75}.Release|x64.Build.0 = Release|Any CPU
		{6E0D8D5C-7B88-4C77-A347-34F8B0FD2D75}.Release|x86.ActiveCfg = Release|Any CPU
		{6E0D8D5C-7B88-4C77-A347-34F8B0FD2D75}.Release|x86.Build.0 = Release|Any CPU
		{6A3F2F04-3E48-4E21-9AB8-0CA0998A2D01}.Debug|Any CPU.ActiveCfg = Debug|Any CPU
		{6A3F2F04-3E48-4E21-9AB8-0CA0998A2D01}.Debug|Any CPU.Build.0 = Debug|Any CPU
		{6A3F2F04-3E48-4E21-9AB8-0CA0998A2D01}.Debug|x64.ActiveCfg = Debug|Any CPU
		{6A3F2F04-3E48-4E21-9AB8-0CA0998A2D01}.Debug|x64.Build.0 = Debug|Any CPU
		{6A3F2F04-3E48-4E21-9AB8-0CA0998A2D01}.Debug|x86.ActiveCfg = Debug|Any CPU
		{6A3F2F04-3E48-4E21-9AB8-0CA0998A2D01}.Debug|x86.Build.0 = Debug|Any CPU
		{6A3F2F04-3E48-4E21-9AB8-0CA0998A2D01}.Release|Any CPU.ActiveCfg = Release|Any CPU
		{6A3F2F04-3E48-4E21-9AB8-0CA0998A2D01}.Release|Any CPU.Build.0 = Release|Any CPU
		{6A3F2F04-3E48-4E21-9AB8-0CA0998A2D01}.Release|x64.ActiveCfg = Release|Any CPU
		{6A3F2F04-3E48-4E21-9AB8-0CA0998A2D01}.Release|x64.Build.0 = Release|Any CPU
		{6A3F2F04-3E48-4E21-9AB8-0CA0998A2D01}.Release|x86.ActiveCfg = Release|Any CPU
		{6A3F2F04-3E48-4E21-9AB8-0CA0998A2D01}.Release|x86.Build.0 = Release|Any CPU
		{2B704D89-41B9-4051-A51C-36A82ACEBE10}.Debug|Any CPU.ActiveCfg = Debug|Any CPU
		{2B704D89-41B9-4051-A51C-36A82ACEBE10}.Debug|Any CPU.Build.0 = Debug|Any CPU
		{2B704D89-41B9-4051-A51C-36A82ACEBE10}.Debug|x64.ActiveCfg = Debug|Any CPU
		{2B704D89-41B9-4051-A51C-36A82ACEBE10}.Debug|x64.Build.0 = Debug|Any CPU
		{2B704D89-41B9-4051-A51C-36A82ACEBE10}.Debug|x86.ActiveCfg = Debug|Any CPU
		{2B704D89-41B9-4051-A51C-36A82ACEBE10}.Debug|x86.Build.0 = Debug|Any CPU
		{2B704D89-41B9-4051-A51C-36A82ACEBE10}.Release|Any CPU.ActiveCfg = Release|Any CPU
		{2B704D89-41B9-4051-A51C-36A82ACEBE10}.Release|Any CPU.Build.0 = Release|Any CPU
		{2B704D89-41B9-4051-A51C-36A82ACEBE10}.Release|x64.ActiveCfg = Release|Any CPU
		{2B704D89-41B9-4051-A51C-36A82ACEBE10}.Release|x64.Build.0 = Release|Any CPU
		{2B704D89-41B9-4051-A51C-36A82ACEBE10}.Release|x86.ActiveCfg = Release|Any CPU
		{2B704D89-41B9-4051-A51C-36A82ACEBE10}.Release|x86.Build.0 = Release|Any CPU
		{FAFE5A3C-05BC-4B6F-8BA4-2B95027CBFEA}.Debug|Any CPU.ActiveCfg = Debug|Any CPU
		{FAFE5A3C-05BC-4B6F-8BA4-2B95027CBFEA}.Debug|Any CPU.Build.0 = Debug|Any CPU
		{FAFE5A3C-05BC-4B6F-8BA4-2B95027CBFEA}.Debug|x64.ActiveCfg = Debug|Any CPU
		{FAFE5A3C-05BC-4B6F-8BA4-2B95027CBFEA}.Debug|x64.Build.0 = Debug|Any CPU
		{FAFE5A3C-05BC-4B6F-8BA4-2B95027CBFEA}.Debug|x86.ActiveCfg = Debug|Any CPU
		{FAFE5A3C-05BC-4B6F-8BA4-2B95027CBFEA}.Debug|x86.Build.0 = Debug|Any CPU
		{FAFE5A3C-05BC-4B6F-8BA4-2B95027CBFEA}.Release|Any CPU.ActiveCfg = Release|Any CPU
		{FAFE5A3C-05BC-4B6F-8BA4-2B95027CBFEA}.Release|Any CPU.Build.0 = Release|Any CPU
		{FAFE5A3C-05BC-4B6F-8BA4-2B95027CBFEA}.Release|x64.ActiveCfg = Release|Any CPU
		{FAFE5A3C-05BC-4B6F-8BA4-2B95027CBFEA}.Release|x64.Build.0 = Release|Any CPU
		{FAFE5A3C-05BC-4B6F-8BA4-2B95027CBFEA}.Release|x86.ActiveCfg = Release|Any CPU
		{FAFE5A3C-05BC-4B6F-8BA4-2B95027CBFEA}.Release|x86.Build.0 = Release|Any CPU
		{1EB987E0-23A5-415E-9194-CD961314441B}.Debug|Any CPU.ActiveCfg = Debug|x64
		{1EB987E0-23A5-415E-9194-CD961314441B}.Debug|Any CPU.Build.0 = Debug|x64
		{1EB987E0-23A5-415E-9194-CD961314441B}.Debug|x64.ActiveCfg = Debug|x64
		{1EB987E0-23A5-415E-9194-CD961314441B}.Debug|x64.Build.0 = Debug|x64
		{1EB987E0-23A5-415E-9194-CD961314441B}.Debug|x86.ActiveCfg = Debug|Win32
		{1EB987E0-23A5-415E-9194-CD961314441B}.Debug|x86.Build.0 = Debug|Win32
		{1EB987E0-23A5-415E-9194-CD961314441B}.Release|Any CPU.ActiveCfg = Release|x64
		{1EB987E0-23A5-415E-9194-CD961314441B}.Release|Any CPU.Build.0 = Release|x64
		{1EB987E0-23A5-415E-9194-CD961314441B}.Release|x64.ActiveCfg = Release|x64
		{1EB987E0-23A5-415E-9194-CD961314441B}.Release|x64.Build.0 = Release|x64
		{1EB987E0-23A5-415E-9194-CD961314441B}.Release|x86.ActiveCfg = Release|Win32
		{1EB987E0-23A5-415E-9194-CD961314441B}.Release|x86.Build.0 = Release|Win32
		{6302105A-80BB-4987-82EC-95973911238B}.Debug|Any CPU.ActiveCfg = Debug|Any CPU
		{6302105A-80BB-4987-82EC-95973911238B}.Debug|Any CPU.Build.0 = Debug|Any CPU
		{6302105A-80BB-4987-82EC-95973911238B}.Debug|x64.ActiveCfg = Debug|Any CPU
		{6302105A-80BB-4987-82EC-95973911238B}.Debug|x64.Build.0 = Debug|Any CPU
		{6302105A-80BB-4987-82EC-95973911238B}.Debug|x86.ActiveCfg = Debug|Any CPU
		{6302105A-80BB-4987-82EC-95973911238B}.Debug|x86.Build.0 = Debug|Any CPU
		{6302105A-80BB-4987-82EC-95973911238B}.Release|Any CPU.ActiveCfg = Release|Any CPU
		{6302105A-80BB-4987-82EC-95973911238B}.Release|Any CPU.Build.0 = Release|Any CPU
		{6302105A-80BB-4987-82EC-95973911238B}.Release|x64.ActiveCfg = Release|Any CPU
		{6302105A-80BB-4987-82EC-95973911238B}.Release|x64.Build.0 = Release|Any CPU
		{6302105A-80BB-4987-82EC-95973911238B}.Release|x86.ActiveCfg = Release|Any CPU
		{6302105A-80BB-4987-82EC-95973911238B}.Release|x86.Build.0 = Release|Any CPU
	EndGlobalSection
	GlobalSection(SolutionProperties) = preSolution
		HideSolutionNode = FALSE
	EndGlobalSection
	GlobalSection(ExtensibilityGlobals) = postSolution
		SolutionGuid = {A901DFFD-93A8-47A2-BCD3-3F4F88882E1E}
	EndGlobalSection
EndGlobal
