
Microsoft Visual Studio Solution File, Format Version 12.00
# Visual Studio Version 17
VisualStudioVersion = 17.2.32630.192
MinimumVisualStudioVersion = 10.0.40219.1
Project("{FAE04EC0-301F-11D3-BF4B-00C04F79EFBC}") = "UserRightsUtil", "UserRightsUtil\UserRightsUtil.csproj", "{4C496D14-FA2B-428C-BB15-20B25BAB9B73}"
EndProject
Global
	GlobalSection(SolutionConfigurationPlatforms) = preSolution
		Debug|Any CPU = Debug|Any CPU
		Release|Any CPU = Release|Any CPU
	EndGlobalSection
	GlobalSection(ProjectConfigurationPlatforms) = postSolution
		{4C496D14-FA2B-428C-BB15-20B25BAB9B73}.Debug|Any CPU.ActiveCfg = Debug|Any CPU
		{4C496D14-FA2B-428C-BB15-20B25BAB9B73}.Debug|Any CPU.Build.0 = Debug|Any CPU
		{4C496D14-FA2B-428C-BB15-20B25BAB9B73}.Release|Any CPU.ActiveCfg = Release|Any CPU
		{4C496D14-FA2B-428C-BB15-20B25BAB9B73}.Release|Any CPU.Build.0 = Release|Any CPU
	EndGlobalSection
	GlobalSection(SolutionProperties) = preSolution
		HideSolutionNode = FALSE
	EndGlobalSection
	GlobalSection(ExtensibilityGlobals) = postSolution
		SolutionGuid = {7C13131A-43E5-49CB-BD40-DFBCD0C12650}
	EndGlobalSection
EndGlobal
