
Microsoft Visual Studio Solution File, Format Version 12.00
# Visual Studio Version 17
VisualStudioVersion = 17.4.33213.308
MinimumVisualStudioVersion = 10.0.40219.1
Project("{FAE04EC0-301F-11D3-BF4B-00C04F79EFBC}") = "GetNewCapabilityName", "GetNewCapabilityName\GetNewCapabilityName.csproj", "{A318BEE3-2BDB-41A1-BE56-956774BBC12B}"
EndProject
Global
	GlobalSection(SolutionConfigurationPlatforms) = preSolution
		Debug|Any CPU = Debug|Any CPU
		Release|Any CPU = Release|Any CPU
	EndGlobalSection
	GlobalSection(ProjectConfigurationPlatforms) = postSolution
		{A318BEE3-2BDB-41A1-BE56-956774BBC12B}.Debug|Any CPU.ActiveCfg = Debug|Any CPU
		{A318BEE3-2BDB-41A1-BE56-956774BBC12B}.Debug|Any CPU.Build.0 = Debug|Any CPU
		{A318BEE3-2BDB-41A1-BE56-956774BBC12B}.Release|Any CPU.ActiveCfg = Release|Any CPU
		{A318BEE3-2BDB-41A1-BE56-956774BBC12B}.Release|Any CPU.Build.0 = Release|Any CPU
	EndGlobalSection
	GlobalSection(SolutionProperties) = preSolution
		HideSolutionNode = FALSE
	EndGlobalSection
	GlobalSection(ExtensibilityGlobals) = postSolution
		SolutionGuid = {C878032F-49E0-489B-AACB-AAFF4E18A1D4}
	EndGlobalSection
EndGlobal
