
Microsoft Visual Studio Solution File, Format Version 12.00
# Visual Studio Version 17
VisualStudioVersion = 17.4.33213.308
MinimumVisualStudioVersion = 10.0.40219.1
Project("{FAE04EC0-301F-11D3-BF4B-00C04F79EFBC}") = "TokenStealing", "TokenStealing\TokenStealing.csproj", "{4C574B86-DC07-47EA-BB02-FD50AE002910}"
EndProject
Global
	GlobalSection(SolutionConfigurationPlatforms) = preSolution
		Debug|Any CPU = Debug|Any CPU
		Release|Any CPU = Release|Any CPU
	EndGlobalSection
	GlobalSection(ProjectConfigurationPlatforms) = postSolution
		{4C574B86-DC07-47EA-BB02-FD50AE002910}.Debug|Any CPU.ActiveCfg = Debug|Any CPU
		{4C574B86-DC07-47EA-BB02-FD50AE002910}.Debug|Any CPU.Build.0 = Debug|Any CPU
		{4C574B86-DC07-47EA-BB02-FD50AE002910}.Release|Any CPU.ActiveCfg = Release|Any CPU
		{4C574B86-DC07-47EA-BB02-FD50AE002910}.Release|Any CPU.Build.0 = Release|Any CPU
	EndGlobalSection
	GlobalSection(SolutionProperties) = preSolution
		HideSolutionNode = FALSE
	EndGlobalSection
	GlobalSection(ExtensibilityGlobals) = postSolution
		SolutionGuid = {E4D40894-6B65-4993-ABB8-6BBBF37020E1}
	EndGlobalSection
EndGlobal
