
Microsoft Visual Studio Solution File, Format Version 12.00
# Visual Studio Version 16
VisualStudioVersion = 16.0.31829.152
MinimumVisualStudioVersion = 10.0.40219.1
Project("{FAE04EC0-301F-11D3-BF4B-00C04F79EFBC}") = "SwitchPriv", "SwitchPriv\SwitchPriv.csproj", "{8F208DB9-7555-46D5-A5FE-2D7E85E05CAA}"
EndProject
Global
	GlobalSection(SolutionConfigurationPlatforms) = preSolution
		Debug|Any CPU = Debug|Any CPU
		Release|Any CPU = Release|Any CPU
	EndGlobalSection
	GlobalSection(ProjectConfigurationPlatforms) = postSolution
		{8F208DB9-7555-46D5-A5FE-2D7E85E05CAA}.Debug|Any CPU.ActiveCfg = Debug|Any CPU
		{8F208DB9-7555-46D5-A5FE-2D7E85E05CAA}.Debug|Any CPU.Build.0 = Debug|Any CPU
		{8F208DB9-7555-46D5-A5FE-2D7E85E05CAA}.Release|Any CPU.ActiveCfg = Release|Any CPU
		{8F208DB9-7555-46D5-A5FE-2D7E85E05CAA}.Release|Any CPU.Build.0 = Release|Any CPU
	EndGlobalSection
	GlobalSection(SolutionProperties) = preSolution
		HideSolutionNode = FALSE
	EndGlobalSection
	GlobalSection(ExtensibilityGlobals) = postSolution
		SolutionGuid = {0CFAD84E-B1E9-43E8-A7DB-87DDBD025ADF}
	EndGlobalSection
EndGlobal
